// !$*UTF8*$!
{
	archiveVersion = 1;
	classes = {
	};
	objectVersion = 46;
	objects = {

/* Begin PBXBuildFile section */
		8E233D0D1CF553720018E898 /* main.m in Sources */ = {isa = PBXBuildFile; fileRef = 8E233D0C1CF553720018E898 /* main.m */; };
		8E233D101CF553720018E898 /* AppDelegate.m in Sources */ = {isa = PBXBuildFile; fileRef = 8E233D0F1CF553720018E898 /* AppDelegate.m */; };
		8E233D131CF553720018E898 /* ViewController.m in Sources */ = {isa = PBXBuildFile; fileRef = 8E233D121CF553720018E898 /* ViewController.m */; };
		8E233D161CF553720018E898 /* Main.storyboard in Resources */ = {isa = PBXBuildFile; fileRef = 8E233D141CF553720018E898 /* Main.storyboard */; };
		8E233D181CF553720018E898 /* Assets.xcassets in Resources */ = {isa = PBXBuildFile; fileRef = 8E233D171CF553720018E898 /* Assets.xcassets */; };
		8E233D1B1CF553720018E898 /* LaunchScreen.storyboard in Resources */ = {isa = PBXBuildFile; fileRef = 8E233D191CF553720018E898 /* LaunchScreen.storyboard */; };
		8E233D261CF553720018E898 /* ccTests.m in Sources */ = {isa = PBXBuildFile; fileRef = 8E233D251CF553720018E898 /* ccTests.m */; };
		8E233D311CF553720018E898 /* ccUITests.m in Sources */ = {isa = PBXBuildFile; fileRef = 8E233D301CF553720018E898 /* ccUITests.m */; };
		8E233D451CF57BD40018E898 /* TFHpple.m in Sources */ = {isa = PBXBuildFile; fileRef = 8E233D401CF57BD40018E898 /* TFHpple.m */; };
		8E233D461CF57BD40018E898 /* TFHppleElement.m in Sources */ = {isa = PBXBuildFile; fileRef = 8E233D421CF57BD40018E898 /* TFHppleElement.m */; };
		8E233D471CF57BD40018E898 /* XPathQuery.m in Sources */ = {isa = PBXBuildFile; fileRef = 8E233D441CF57BD40018E898 /* XPathQuery.m */; };
		8E233D491CF57D3B0018E898 /* libxml2.2.tbd in Frameworks */ = {isa = PBXBuildFile; fileRef = 8E233D481CF57D3B0018E898 /* libxml2.2.tbd */; };
/* End PBXBuildFile section */

/* Begin PBXContainerItemProxy section */
		8E233D221CF553720018E898 /* PBXContainerItemProxy */ = {
			isa = PBXContainerItemProxy;
			containerPortal = 8E233D001CF553720018E898 /* Project object */;
			proxyType = 1;
			remoteGlobalIDString = 8E233D071CF553720018E898;
			remoteInfo = cc;
		};
		8E233D2D1CF553720018E898 /* PBXContainerItemProxy */ = {
			isa = PBXContainerItemProxy;
			containerPortal = 8E233D001CF553720018E898 /* Project object */;
			proxyType = 1;
			remoteGlobalIDString = 8E233D071CF553720018E898;
			remoteInfo = cc;
		};
/* End PBXContainerItemProxy section */

/* Begin PBXFileReference section */
		8E233D081CF553720018E898 /* cc.app */ = {isa = PBXFileReference; explicitFileType = wrapper.application; includeInIndex = 0; path = cc.app; sourceTree = BUILT_PRODUCTS_DIR; };
		8E233D0C1CF553720018E898 /* main.m */ = {isa = PBXFileReference; lastKnownFileType = sourcecode.c.objc; path = main.m; sourceTree = "<group>"; };
		8E233D0E1CF553720018E898 /* AppDelegate.h */ = {isa = PBXFileReference; lastKnownFileType = sourcecode.c.h; path = AppDelegate.h; sourceTree = "<group>"; };
		8E233D0F1CF553720018E898 /* AppDelegate.m */ = {isa = PBXFileReference; lastKnownFileType = sourcecode.c.objc; path = AppDelegate.m; sourceTree = "<group>"; };
		8E233D111CF553720018E898 /* ViewController.h */ = {isa = PBXFileReference; lastKnownFileType = sourcecode.c.h; path = ViewController.h; sourceTree = "<group>"; };
		8E233D121CF553720018E898 /* ViewController.m */ = {isa = PBXFileReference; lastKnownFileType = sourcecode.c.objc; path = ViewController.m; sourceTree = "<group>"; };
		8E233D151CF553720018E898 /* Base */ = {isa = PBXFileReference; lastKnownFileType = file.storyboard; name = Base; path = Base.lproj/Main.storyboard; sourceTree = "<group>"; };
		8E233D171CF553720018E898 /* Assets.xcassets */ = {isa = PBXFileReference; lastKnownFileType = folder.assetcatalog; path = Assets.xcassets; sourceTree = "<group>"; };
		8E233D1A1CF553720018E898 /* Base */ = {isa = PBXFileReference; lastKnownFileType = file.storyboard; name = Base; path = Base.lproj/LaunchScreen.storyboard; sourceTree = "<group>"; };
		8E233D1C1CF553720018E898 /* Info.plist */ = {isa = PBXFileReference; lastKnownFileType = text.plist.xml; path = Info.plist; sourceTree = "<group>"; };
		8E233D211CF553720018E898 /* ccTests.xctest */ = {isa = PBXFileReference; explicitFileType = wrapper.cfbundle; includeInIndex = 0; path = ccTests.xctest; sourceTree = BUILT_PRODUCTS_DIR; };
		8E233D251CF553720018E898 /* ccTests.m */ = {isa = PBXFileReference; lastKnownFileType = sourcecode.c.objc; path = ccTests.m; sourceTree = "<group>"; };
		8E233D271CF553720018E898 /* Info.plist */ = {isa = PBXFileReference; lastKnownFileType = text.plist.xml; path = Info.plist; sourceTree = "<group>"; };
		8E233D2C1CF553720018E898 /* ccUITests.xctest */ = {isa = PBXFileReference; explicitFileType = wrapper.cfbundle; includeInIndex = 0; path = ccUITests.xctest; sourceTree = BUILT_PRODUCTS_DIR; };
		8E233D301CF553720018E898 /* ccUITests.m */ = {isa = PBXFileReference; lastKnownFileType = sourcecode.c.objc; path = ccUITests.m; sourceTree = "<group>"; };
		8E233D321CF553720018E898 /* Info.plist */ = {isa = PBXFileReference; lastKnownFileType = text.plist.xml; path = Info.plist; sourceTree = "<group>"; };
		8E233D3F1CF57BD40018E898 /* TFHpple.h */ = {isa = PBXFileReference; fileEncoding = 4; lastKnownFileType = sourcecode.c.h; path = TFHpple.h; sourceTree = "<group>"; };
		8E233D401CF57BD40018E898 /* TFHpple.m */ = {isa = PBXFileReference; fileEncoding = 4; lastKnownFileType = sourcecode.c.objc; path = TFHpple.m; sourceTree = "<group>"; };
		8E233D411CF57BD40018E898 /* TFHppleElement.h */ = {isa = PBXFileReference; fileEncoding = 4; lastKnownFileType = sourcecode.c.h; path = TFHppleElement.h; sourceTree = "<group>"; };
		8E233D421CF57BD40018E898 /* TFHppleElement.m */ = {isa = PBXFileReference; fileEncoding = 4; lastKnownFileType = sourcecode.c.objc; path = TFHppleElement.m; sourceTree = "<group>"; };
		8E233D431CF57BD40018E898 /* XPathQuery.h */ = {isa = PBXFileReference; fileEncoding = 4; lastKnownFileType = sourcecode.c.h; path = XPathQuery.h; sourceTree = "<group>"; };
		8E233D441CF57BD40018E898 /* XPathQuery.m */ = {isa = PBXFileReference; fileEncoding = 4; lastKnownFileType = sourcecode.c.objc; path = XPathQuery.m; sourceTree = "<group>"; };
		8E233D481CF57D3B0018E898 /* libxml2.2.tbd */ = {isa = PBXFileReference; lastKnownFileType = "sourcecode.text-based-dylib-definition"; name = libxml2.2.tbd; path = usr/lib/libxml2.2.tbd; sourceTree = SDKROOT; };
/* End PBXFileReference section */

/* Begin PBXFrameworksBuildPhase section */
		8E233D051CF553720018E898 /* Frameworks */ = {
			isa = PBXFrameworksBuildPhase;
			buildActionMask = 2147483647;
			files = (
				8E233D491CF57D3B0018E898 /* libxml2.2.tbd in Frameworks */,
			);
			runOnlyForDeploymentPostprocessing = 0;
		};
		8E233D1E1CF553720018E898 /* Frameworks */ = {
			isa = PBXFrameworksBuildPhase;
			buildActionMask = 2147483647;
			files = (
			);
			runOnlyForDeploymentPostprocessing = 0;
		};
		8E233D291CF553720018E898 /* Frameworks */ = {
			isa = PBXFrameworksBuildPhase;
			buildActionMask = 2147483647;
			files = (
			);
			runOnlyForDeploymentPostprocessing = 0;
		};
/* End PBXFrameworksBuildPhase section */

/* Begin PBXGroup section */
		8E233CFF1CF553720018E898 = {
			isa = PBXGroup;
			children = (
				8E233D481CF57D3B0018E898 /* libxml2.2.tbd */,
				8E233D0A1CF553720018E898 /* cc */,
				8E233D241CF553720018E898 /* ccTests */,
				8E233D2F1CF553720018E898 /* ccUITests */,
				8E233D091CF553720018E898 /* Products */,
			);
			sourceTree = "<group>";
		};
		8E233D091CF553720018E898 /* Products */ = {
			isa = PBXGroup;
			children = (
				8E233D081CF553720018E898 /* cc.app */,
				8E233D211CF553720018E898 /* ccTests.xctest */,
				8E233D2C1CF553720018E898 /* ccUITests.xctest */,
			);
			name = Products;
			sourceTree = "<group>";
		};
		8E233D0A1CF553720018E898 /* cc */ = {
			isa = PBXGroup;
			children = (
				8E233D0E1CF553720018E898 /* AppDelegate.h */,
				8E233D0F1CF553720018E898 /* AppDelegate.m */,
				8E233D111CF553720018E898 /* ViewController.h */,
				8E233D121CF553720018E898 /* ViewController.m */,
				8E233D3E1CF57BD40018E898 /* TFHpple-master */,
				8E233D141CF553720018E898 /* Main.storyboard */,
				8E233D171CF553720018E898 /* Assets.xcassets */,
				8E233D191CF553720018E898 /* LaunchScreen.storyboard */,
				8E233D1C1CF553720018E898 /* Info.plist */,
				8E233D0B1CF553720018E898 /* Supporting Files */,
			);
			path = cc;
			sourceTree = "<group>";
		};
		8E233D0B1CF553720018E898 /* Supporting Files */ = {
			isa = PBXGroup;
			children = (
				8E233D0C1CF553720018E898 /* main.m */,
			);
			name = "Supporting Files";
			sourceTree = "<group>";
		};
		8E233D241CF553720018E898 /* ccTests */ = {
			isa = PBXGroup;
			children = (
				8E233D251CF553720018E898 /* ccTests.m */,
				8E233D271CF553720018E898 /* Info.plist */,
			);
			path = ccTests;
			sourceTree = "<group>";
		};
		8E233D2F1CF553720018E898 /* ccUITests */ = {
			isa = PBXGroup;
			children = (
				8E233D301CF553720018E898 /* ccUITests.m */,
				8E233D321CF553720018E898 /* Info.plist */,
			);
			path = ccUITests;
			sourceTree = "<group>";
		};
		8E233D3E1CF57BD40018E898 /* TFHpple-master */ = {
			isa = PBXGroup;
			children = (
				8E233D3F1CF57BD40018E898 /* TFHpple.h */,
				8E233D401CF57BD40018E898 /* TFHpple.m */,
				8E233D411CF57BD40018E898 /* TFHppleElement.h */,
				8E233D421CF57BD40018E898 /* TFHppleElement.m */,
				8E233D431CF57BD40018E898 /* XPathQuery.h */,
				8E233D441CF57BD40018E898 /* XPathQuery.m */,
			);
			path = "TFHpple-master";
			sourceTree = "<group>";
		};
/* End PBXGroup section */

/* Begin PBXNativeTarget section */
		8E233D071CF553720018E898 /* cc */ = {
			isa = PBXNativeTarget;
			buildConfigurationList = 8E233D351CF553720018E898 /* Build configuration list for PBXNativeTarget "cc" */;
			buildPhases = (
				8E233D041CF553720018E898 /* Sources */,
				8E233D051CF553720018E898 /* Frameworks */,
				8E233D061CF553720018E898 /* Resources */,
			);
			buildRules = (
			);
			dependencies = (
			);
			name = cc;
			productName = cc;
			productReference = 8E233D081CF553720018E898 /* cc.app */;
			productType = "com.apple.product-type.application";
		};
		8E233D201CF553720018E898 /* ccTests */ = {
			isa = PBXNativeTarget;
			buildConfigurationList = 8E233D381CF553720018E898 /* Build configuration list for PBXNativeTarget "ccTests" */;
			buildPhases = (
				8E233D1D1CF553720018E898 /* Sources */,
				8E233D1E1CF553720018E898 /* Frameworks */,
				8E233D1F1CF553720018E898 /* Resources */,
			);
			buildRules = (
			);
			dependencies = (
				8E233D231CF553720018E898 /* PBXTargetDependency */,
			);
			name = ccTests;
			productName = ccTests;
			productReference = 8E233D211CF553720018E898 /* ccTests.xctest */;
			productType = "com.apple.product-type.bundle.unit-test";
		};
		8E233D2B1CF553720018E898 /* ccUITests */ = {
			isa = PBXNativeTarget;
			buildConfigurationList = 8E233D3B1CF553720018E898 /* Build configuration list for PBXNativeTarget "ccUITests" */;
			buildPhases = (
				8E233D281CF553720018E898 /* Sources */,
				8E233D291CF553720018E898 /* Frameworks */,
				8E233D2A1CF553720018E898 /* Resources */,
			);
			buildRules = (
			);
			dependencies = (
				8E233D2E1CF553720018E898 /* PBXTargetDependency */,
			);
			name = ccUITests;
			productName = ccUITests;
			productReference = 8E233D2C1CF553720018E898 /* ccUITests.xctest */;
			productType = "com.apple.product-type.bundle.ui-testing";
		};
/* End PBXNativeTarget section */

/* Begin PBXProject section */
		8E233D001CF553720018E898 /* Project object */ = {
			isa = PBXProject;
			attributes = {
				LastUpgradeCheck = 0720;
				ORGANIZATIONNAME = wgw;
				TargetAttributes = {
					8E233D071CF553720018E898 = {
						CreatedOnToolsVersion = 7.2;
						DevelopmentTeam = CY68LMC788;
					};
					8E233D201CF553720018E898 = {
						CreatedOnToolsVersion = 7.2;
						DevelopmentTeam = CY68LMC788;
						TestTargetID = 8E233D071CF553720018E898;
					};
					8E233D2B1CF553720018E898 = {
						CreatedOnToolsVersion = 7.2;
						DevelopmentTeam = CY68LMC788;
						TestTargetID = 8E233D071CF553720018E898;
					};
				};
			};
			buildConfigurationList = 8E233D031CF553720018E898 /* Build configuration list for PBXProject "cc" */;
			compatibilityVersion = "Xcode 3.2";
			developmentRegion = English;
			hasScannedForEncodings = 0;
			knownRegions = (
				en,
				Base,
			);
			mainGroup = 8E233CFF1CF553720018E898;
			productRefGroup = 8E233D091CF553720018E898 /* Products */;
			projectDirPath = "";
			projectRoot = "";
			targets = (
				8E233D071CF553720018E898 /* cc */,
				8E233D201CF553720018E898 /* ccTests */,
				8E233D2B1CF553720018E898 /* ccUITests */,
			);
		};
/* End PBXProject section */

/* Begin PBXResourcesBuildPhase section */
		8E233D061CF553720018E898 /* Resources */ = {
			isa = PBXResourcesBuildPhase;
			buildActionMask = 2147483647;
			files = (
				8E233D1B1CF553720018E898 /* LaunchScreen.storyboard in Resources */,
				8E233D181CF553720018E898 /* Assets.xcassets in Resources */,
				8E233D161CF553720018E898 /* Main.storyboard in Resources */,
			);
			runOnlyForDeploymentPostprocessing = 0;
		};
		8E233D1F1CF553720018E898 /* Resources */ = {
			isa = PBXResourcesBuildPhase;
			buildActionMask = 2147483647;
			files = (
			);
			runOnlyForDeploymentPostprocessing = 0;
		};
		8E233D2A1CF553720018E898 /* Resources */ = {
			isa = PBXResourcesBuildPhase;
			buildActionMask = 2147483647;
			files = (
			);
			runOnlyForDeploymentPostprocessing = 0;
		};
/* End PBXResourcesBuildPhase section */

/* Begin PBXSourcesBuildPhase section */
		8E233D041CF553720018E898 /* Sources */ = {
			isa = PBXSourcesBuildPhase;
			buildActionMask = 2147483647;
			files = (
				8E233D131CF553720018E898 /* ViewController.m in Sources */,
				8E233D101CF553720018E898 /* AppDelegate.m in Sources */,
				8E233D0D1CF553720018E898 /* main.m in Sources */,
				8E233D451CF57BD40018E898 /* TFHpple.m in Sources */,
				8E233D471CF57BD40018E898 /* XPathQuery.m in Sources */,
				8E233D461CF57BD40018E898 /* TFHppleElement.m in Sources */,
			);
			runOnlyForDeploymentPostprocessing = 0;
		};
		8E233D1D1CF553720018E898 /* Sources */ = {
			isa = PBXSourcesBuildPhase;
			buildActionMask = 2147483647;
			files = (
				8E233D261CF553720018E898 /* ccTests.m in Sources */,
			);
			runOnlyForDeploymentPostprocessing = 0;
		};
		8E233D281CF553720018E898 /* Sources */ = {
			isa = PBXSourcesBuildPhase;
			buildActionMask = 2147483647;
			files = (
				8E233D311CF553720018E898 /* ccUITests.m in Sources */,
			);
			runOnlyForDeploymentPostprocessing = 0;
		};
/* End PBXSourcesBuildPhase section */

/* Begin PBXTargetDependency section */
		8E233D231CF553720018E898 /* PBXTargetDependency */ = {
			isa = PBXTargetDependency;
			target = 8E233D071CF553720018E898 /* cc */;
			targetProxy = 8E233D221CF553720018E898 /* PBXContainerItemProxy */;
		};
		8E233D2E1CF553720018E898 /* PBXTargetDependency */ = {
			isa = PBXTargetDependency;
			target = 8E233D071CF553720018E898 /* cc */;
			targetProxy = 8E233D2D1CF553720018E898 /* PBXContainerItemProxy */;
		};
/* End PBXTargetDependency section */

/* Begin PBXVariantGroup section */
		8E233D141CF553720018E898 /* Main.storyboard */ = {
			isa = PBXVariantGroup;
			children = (
				8E233D151CF553720018E898 /* Base */,
			);
			name = Main.storyboard;
			sourceTree = "<group>";
		};
		8E233D191CF553720018E898 /* LaunchScreen.storyboard */ = {
			isa = PBXVariantGroup;
			children = (
				8E233D1A1CF553720018E898 /* Base */,
			);
			name = LaunchScreen.storyboard;
			sourceTree = "<group>";
		};
/* End PBXVariantGroup section */

/* Begin XCBuildConfiguration section */
		8E233D331CF553720018E898 /* Debug */ = {
			isa = XCBuildConfiguration;
			buildSettings = {
				ALWAYS_SEARCH_USER_PATHS = NO;
				CLANG_CXX_LANGUAGE_STANDARD = "gnu++0x";
				CLANG_CXX_LIBRARY = "libc++";
				CLANG_ENABLE_MODULES = YES;
				CLANG_ENABLE_OBJC_ARC = YES;
				CLANG_WARN_BOOL_CONVERSION = YES;
				CLANG_WARN_CONSTANT_CONVERSION = YES;
				CLANG_WARN_DIRECT_OBJC_ISA_USAGE = YES_ERROR;
				CLANG_WARN_EMPTY_BODY = YES;
				CLANG_WARN_ENUM_CONVERSION = YES;
				CLANG_WARN_INT_CONVERSION = YES;
				CLANG_WARN_OBJC_ROOT_CLASS = YES_ERROR;
				CLANG_WARN_UNREACHABLE_CODE = YES;
				CLANG_WARN__DUPLICATE_METHOD_MATCH = YES;
				"CODE_SIGN_IDENTITY[sdk=iphoneos*]" = "iPhone Developer";
				COPY_PHASE_STRIP = NO;
				DEBUG_INFORMATION_FORMAT = dwarf;
				ENABLE_STRICT_OBJC_MSGSEND = YES;
				ENABLE_TESTABILITY = YES;
				GCC_C_LANGUAGE_STANDARD = gnu99;
				GCC_DYNAMIC_NO_PIC = NO;
				GCC_NO_COMMON_BLOCKS = YES;
				GCC_OPTIMIZATION_LEVEL = 0;
				GCC_PREPROCESSOR_DEFINITIONS = (
					"DEBUG=1",
					"$(inherited)",
				);
				GCC_WARN_64_TO_32_BIT_CONVERSION = YES;
				GCC_WARN_ABOUT_RETURN_TYPE = YES_ERROR;
				GCC_WARN_UNDECLARED_SELECTOR = YES;
				GCC_WARN_UNINITIALIZED_AUTOS = YES_AGGRESSIVE;
				GCC_WARN_UNUSED_FUNCTION = YES;
				GCC_WARN_UNUSED_VARIABLE = YES;
				HEADER_SEARCH_PATHS = /usr/include/libxml2;
				IPHONEOS_DEPLOYMENT_TARGET = 9.2;
				MTL_ENABLE_DEBUG_INFO = YES;
				ONLY_ACTIVE_ARCH = YES;
				SDKROOT = iphoneos;
				TARGETED_DEVICE_FAMILY = "1,2";
			};
			name = Debug;
		};
		8E233D341CF553720018E898 /* Release */ = {
			isa = XCBuildConfiguration;
			buildSettings = {
				ALWAYS_SEARCH_USER_PATHS = NO;
				CLANG_CXX_LANGUAGE_STANDARD = "gnu++0x";
				CLANG_CXX_LIBRARY = "libc++";
				CLANG_ENABLE_MODULES = YES;
				CLANG_ENABLE_OBJC_ARC = YES;
				CLANG_WARN_BOOL_CONVERSION = YES;
				CLANG_WARN_CONSTANT_CONVERSION = YES;
				CLANG_WARN_DIRECT_OBJC_ISA_USAGE = YES_ERROR;
				CLANG_WARN_EMPTY_BODY = YES;
				CLANG_WARN_ENUM_CONVERSION = YES;
				CLANG_WARN_INT_CONVERSION = YES;
				CLANG_WARN_OBJC_ROOT_CLASS = YES_ERROR;
				CLANG_WARN_UNREACHABLE_CODE = YES;
				CLANG_WARN__DUPLICATE_METHOD_MATCH = YES;
				"CODE_SIGN_IDENTITY[sdk=iphoneos*]" = "iPhone Developer";
				COPY_PHASE_STRIP = NO;
				DEBUG_INFORMATION_FORMAT = "dwarf-with-dsym";
				ENABLE_NS_ASSERTIONS = NO;
				ENABLE_STRICT_OBJC_MSGSEND = YES;
				GCC_C_LANGUAGE_STANDARD = gnu99;
				GCC_NO_COMMON_BLOCKS = YES;
				GCC_WARN_64_TO_32_BIT_CONVERSION = YES;
				GCC_WARN_ABOUT_RETURN_TYPE = YES_ERROR;
				GCC_WARN_UNDECLARED_SELECTOR = YES;
				GCC_WARN_UNINITIALIZED_AUTOS = YES_AGGRESSIVE;
				GCC_WARN_UNUSED_FUNCTION = YES;
				GCC_WARN_UNUSED_VARIABLE = YES;
				HEADER_SEARCH_PATHS = /usr/include/libxml2;
				IPHONEOS_DEPLOYMENT_TARGET = 9.2;
				MTL_ENABLE_DEBUG_INFO = NO;
				SDKROOT = iphoneos;
				TARGETED_DEVICE_FAMILY = "1,2";
				VALIDATE_PRODUCT = YES;
			};
			name = Release;
		};
		8E233D361CF553720018E898 /* Debug */ = {
			isa = XCBuildConfiguration;
			buildSettings = {
				ASSETCATALOG_COMPILER_APPICON_NAME = AppIcon;
				INFOPLIST_FILE = cc/Info.plist;
				LD_RUNPATH_SEARCH_PATHS = "$(inherited) @executable_path/Frameworks";
				PRODUCT_BUNDLE_IDENTIFIER = Wangguowei.cc;
				PRODUCT_NAME = "$(TARGET_NAME)";
			};
			name = Debug;
		};
		8E233D371CF553720018E898 /* Release */ = {
			isa = XCBuildConfiguration;
			buildSettings = {
				ASSETCATALOG_COMPILER_APPICON_NAME = AppIcon;
				INFOPLIST_FILE = cc/Info.plist;
				LD_RUNPATH_SEARCH_PATHS = "$(inherited) @executable_path/Frameworks";
				PRODUCT_BUNDLE_IDENTIFIER = Wangguowei.cc;
				PRODUCT_NAME = "$(TARGET_NAME)";
			};
			name = Release;
		};
		8E233D391CF553720018E898 /* Debug */ = {
			isa = XCBuildConfiguration;
			buildSettings = {
				BUNDLE_LOADER = "$(TEST_HOST)";
				INFOPLIST_FILE = ccTests/Info.plist;
				LD_RUNPATH_SEARCH_PATHS = "$(inherited) @executable_path/Frameworks @loader_path/Frameworks";
				PRODUCT_BUNDLE_IDENTIFIER = Wangguowei.ccTests;
				PRODUCT_NAME = "$(TARGET_NAME)";
				TEST_HOST = "$(BUILT_PRODUCTS_DIR)/cc.app/cc";
			};
			name = Debug;
		};
		8E233D3A1CF553720018E898 /* Release */ = {
			isa = XCBuildConfiguration;
			buildSettings = {
				BUNDLE_LOADER = "$(TEST_HOST)";
				INFOPLIST_FILE = ccTests/Info.plist;
				LD_RUNPATH_SEARCH_PATHS = "$(inherited) @executable_path/Frameworks @loader_path/Frameworks";
				PRODUCT_BUNDLE_IDENTIFIER = Wangguowei.ccTests;
				PRODUCT_NAME = "$(TARGET_NAME)";
				TEST_HOST = "$(BUILT_PRODUCTS_DIR)/cc.app/cc";
			};
			name = Release;
		};
		8E233D3C1CF553720018E898 /* Debug */ = {
			isa = XCBuildConfiguration;
			buildSettings = {
				INFOPLIST_FILE = ccUITests/Info.plist;
				LD_RUNPATH_SEARCH_PATHS = "$(inherited) @executable_path/Frameworks @loader_path/Frameworks";
				PRODUCT_BUNDLE_IDENTIFIER = Wangguowei.ccUITests;
				PRODUCT_NAME = "$(TARGET_NAME)";
				TEST_TARGET_NAME = cc;
				USES_XCTRUNNER = YES;
			};
			name = Debug;
		};
		8E233D3D1CF553720018E898 /* Release */ = {
			isa = XCBuildConfiguration;
			buildSettings = {
				INFOPLIST_FILE = ccUITests/Info.plist;
				LD_RUNPATH_SEARCH_PATHS = "$(inherited) @executable_path/Frameworks @loader_path/Frameworks";
				PRODUCT_BUNDLE_IDENTIFIER = Wangguowei.ccUITests;
				PRODUCT_NAME = "$(TARGET_NAME)";
				TEST_TARGET_NAME = cc;
				USES_XCTRUNNER = YES;
			};
			name = Release;
		};
/* End XCBuildConfiguration section */

/* Begin XCConfigurationList section */
		8E233D031CF553720018E898 /* Build configuration list for PBXProject "cc" */ = {
			isa = XCConfigurationList;
			buildConfigurations = (
				8E233D331CF553720018E898 /* Debug */,
				8E233D341CF553720018E898 /* Release */,
			);
			defaultConfigurationIsVisible = 0;
			defaultConfigurationName = Release;
		};
		8E233D351CF553720018E898 /* Build configuration list for PBXNativeTarget "cc" */ = {
			isa = XCConfigurationList;
			buildConfigurations = (
				8E233D361CF553720018E898 /* Debug */,
				8E233D371CF553720018E898 /* Release */,
			);
			defaultConfigurationIsVisible = 0;
		};
		8E233D381CF553720018E898 /* Build configuration list for PBXNativeTarget "ccTests" */ = {
			isa = XCConfigurationList;
			buildConfigurations = (
				8E233D391CF553720018E898 /* Debug */,
				8E233D3A1CF553720018E898 /* Release */,
			);
			defaultConfigurationIsVisible = 0;
		};
		8E233D3B1CF553720018E898 /* Build configuration list for PBXNativeTarget "ccUITests" */ = {
			isa = XCConfigurationList;
			buildConfigurations = (
				8E233D3C1CF553720018E898 /* Debug */,
				8E233D3D1CF553720018E898 /* Release */,
			);
			defaultConfigurationIsVisible = 0;
		};
/* End XCConfigurationList section */
	};
	rootObject = 8E233D001CF553720018E898 /* Project object */;
}
